# THIS IS AN AUTOGENERATED FILE. DO NOT EDIT THIS FILE DIRECTLY.
# yarn lockfile v1


abs-svg-path@^0.1.1:
  version "0.1.1"
  resolved "https://registry.yarnpkg.com/abs-svg-path/-/abs-svg-path-0.1.1.tgz#df601c8e8d2ba10d4a76d625e236a9a39c2723bf"
  integrity sha1-32Acjo0roQ1KdtYl4japo5wnI78=

adaptive-bezier-curve@^1.0.3:
  version "1.0.3"
  resolved "https://registry.yarnpkg.com/adaptive-bezier-curve/-/adaptive-bezier-curve-1.0.3.tgz#477577abe87d7280d46ca41649f6c22646fe8227"
  integrity sha1-R3V3q+h9coDUbKQWSfbCJkb+gic=

big-rat@^1.0.3:
  version "1.0.4"
  resolved "https://registry.yarnpkg.com/big-rat/-/big-rat-1.0.4.tgz#768d093bb57930dd18ed575c7fca27dc5391adea"
  integrity sha1-do0JO7V5MN0Y7Vdcf8on3FORreo=
  dependencies:
    bit-twiddle "^1.0.2"
    bn.js "^4.11.6"
    double-bits "^1.1.1"

binary-search-bounds@^2.0.3:
  version "2.0.4"
  resolved "https://registry.yarnpkg.com/binary-search-bounds/-/binary-search-bounds-2.0.4.tgz#eea0e4081da93baa851c7d851a7e636c3d51307f"
  integrity sha512-2hg5kgdKql5ClF2ErBcSx0U5bnl5hgS4v7wMnLFodyR47yMtj2w+UAZB+0CiqyHct2q543i7Bi4/aMIegorCCg==

bit-twiddle@^1.0.0, bit-twiddle@^1.0.2:
  version "1.0.2"
  resolved "https://registry.yarnpkg.com/bit-twiddle/-/bit-twiddle-1.0.2.tgz#0c6c1fabe2b23d17173d9a61b7b7093eb9e1769e"
  integrity sha1-DGwfq+KyPRcXPZpht7cJPrnhdp4=

bn.js@^4.11.6:
  version "4.11.9"
  resolved "https://registry.yarnpkg.com/bn.js/-/bn.js-4.11.9.tgz#26d556829458f9d1e81fc48952493d0ba3507828"
  integrity sha512-E6QoYqCKZfgatHTdHzs1RRKP7ip4vvm+EyRUeE2RF0NblwVvb0p6jSVeNTOFxPn26QXN2o6SMfNxKp6kU8zQaw==

bound-points@^1.0.0:
  version "1.0.0"
  resolved "https://registry.yarnpkg.com/bound-points/-/bound-points-1.0.0.tgz#7e1639b8531845194b7ca0982069800ef47432a7"
  integrity sha1-fhY5uFMYRRlLfKCYIGmADvR0Mqc=

box-intersect@^1.0.1:
  version "1.0.2"
  resolved "https://registry.yarnpkg.com/box-intersect/-/box-intersect-1.0.2.tgz#4693ad63e828868d0654b114e09364d6281f3fbd"
  integrity sha512-yJeMwlmFPG1gIa7Rs/cGXeI6iOj6Qz5MG5PE61xLKpElUGzmJ4abm+qsLpzxKJFpsSDq742BQEocr8dI2t8Nxw==
  dependencies:
    bit-twiddle "^1.0.2"
    typedarray-pool "^1.1.0"

cdt2d@^1.0.0:
  version "1.0.0"
  resolved "https://registry.yarnpkg.com/cdt2d/-/cdt2d-1.0.0.tgz#4f212434bcd67bdb3d68b8fef4acdc2c54415141"
  integrity sha1-TyEkNLzWe9s9aLj+9KzcLFRBUUE=
  dependencies:
    binary-search-bounds "^2.0.3"
    robust-in-sphere "^1.1.3"
    robust-orientation "^1.1.3"

clean-pslg@^1.1.0:
  version "1.1.2"
  resolved "https://registry.yarnpkg.com/clean-pslg/-/clean-pslg-1.1.2.tgz#bd35c7460b7e8ab5a9f761a5ed51796aa3c86c11"
  integrity sha1-vTXHRgt+irWp92Gl7VF5aqPIbBE=
  dependencies:
    big-rat "^1.0.3"
    box-intersect "^1.0.1"
    nextafter "^1.0.0"
    rat-vec "^1.1.1"
    robust-segment-intersect "^1.0.1"
    union-find "^1.0.2"
    uniq "^1.0.1"

double-bits@^1.1.0, double-bits@^1.1.1:
  version "1.1.1"
  resolved "https://registry.yarnpkg.com/double-bits/-/double-bits-1.1.1.tgz#58abba45494da4d0fa36b73ad11a286c9184b1c6"
  integrity sha1-WKu6RUlNpND6Nrc60RoobJGEscY=

dup@^1.0.0:
  version "1.0.0"
  resolved "https://registry.yarnpkg.com/dup/-/dup-1.0.0.tgz#51fc5ac685f8196469df0b905e934b20af5b4029"
  integrity sha1-UfxaxoX4GWRp3wuQXpNLIK9bQCk=

nextafter@^1.0.0:
  version "1.0.0"
  resolved "https://registry.yarnpkg.com/nextafter/-/nextafter-1.0.0.tgz#b7d77b535310e3e097e6025abb0a903477ec1a3a"
  integrity sha1-t9d7U1MQ4+CX5gJauwqQNHfsGjo=
  dependencies:
    double-bits "^1.1.0"

normalize-path-scale@^2.0.0:
  version "2.0.0"
  resolved "https://registry.yarnpkg.com/normalize-path-scale/-/normalize-path-scale-2.0.0.tgz#d8b1cc55c008f17ac28a36ff3753b7257bf0bbb3"
  integrity sha1-2LHMVcAI8XrCijb/N1O3JXvwu7M=
  dependencies:
    bound-points "^1.0.0"
    unlerp "^1.0.1"

normalize-svg-path@^0.1.0:
  version "0.1.0"
  resolved "https://registry.yarnpkg.com/normalize-svg-path/-/normalize-svg-path-0.1.0.tgz#456360e60ece75fbef7b5d7e160480e7ffd16fe5"
  integrity sha1-RWNg5g7Odfvve11+FgSA5//Rb+U=

object-assign@^4.0.1:
  version "4.1.1"
  resolved "https://registry.yarnpkg.com/object-assign/-/object-assign-4.1.1.tgz#2109adc7965887cfc05cbbd442cac8bfbb360863"
  integrity sha1-IQmtx5ZYh8/AXLvUQsrIv7s2CGM=

parse-svg-path@^0.1.1:
  version "0.1.2"
  resolved "https://registry.yarnpkg.com/parse-svg-path/-/parse-svg-path-0.1.2.tgz#7a7ec0d1eb06fa5325c7d3e009b859a09b5d49eb"
  integrity sha1-en7A0esG+lMlx9PgCbhZoJtdSes=

random-float@^1.0.0:
  version "1.0.0"
  resolved "https://registry.yarnpkg.com/random-float/-/random-float-1.0.0.tgz#3a891cd66342108fc5f46cdfa32838e26b07b09e"
  integrity sha1-Ookc1mNCEI/F9Gzfoyg44msHsJ4=

rat-vec@^1.1.1:
  version "1.1.1"
  resolved "https://registry.yarnpkg.com/rat-vec/-/rat-vec-1.1.1.tgz#0dde2b66b7b34bb1bcd2a23805eac806d87fd17f"
  integrity sha1-Dd4rZrezS7G80qI4BerIBth/0X8=
  dependencies:
    big-rat "^1.0.3"

robust-in-sphere@^1.1.3:
  version "1.1.3"
  resolved "https://registry.yarnpkg.com/robust-in-sphere/-/robust-in-sphere-1.1.3.tgz#1c5883d16a4e923929476ef34819857bf2a9cf75"
  integrity sha1-HFiD0WpOkjkpR27zSBmFe/Kpz3U=
  dependencies:
    robust-scale "^1.0.0"
    robust-subtract "^1.0.0"
    robust-sum "^1.0.0"
    two-product "^1.0.0"

robust-orientation@^1.1.3:
  version "1.1.3"
  resolved "https://registry.yarnpkg.com/robust-orientation/-/robust-orientation-1.1.3.tgz#daff5b00d3be4e60722f0e9c0156ef967f1c2049"
  integrity sha1-2v9bANO+TmByLw6cAVbvln8cIEk=
  dependencies:
    robust-scale "^1.0.2"
    robust-subtract "^1.0.0"
    robust-sum "^1.0.0"
    two-product "^1.0.2"

robust-scale@^1.0.0, robust-scale@^1.0.2:
  version "1.0.2"
  resolved "https://registry.yarnpkg.com/robust-scale/-/robust-scale-1.0.2.tgz#775132ed09542d028e58b2cc79c06290bcf78c32"
  integrity sha1-d1Ey7QlULQKOWLLMecBikLz3jDI=
  dependencies:
    two-product "^1.0.2"
    two-sum "^1.0.0"

robust-segment-intersect@^1.0.1:
  version "1.0.1"
  resolved "https://registry.yarnpkg.com/robust-segment-intersect/-/robust-segment-intersect-1.0.1.tgz#3252b6a0fc1ba14ade6915ccbe09cbce9aab1c1c"
  integrity sha1-MlK2oPwboUreaRXMvgnLzpqrHBw=
  dependencies:
    robust-orientation "^1.1.3"

robust-subtract@^1.0.0:
  version "1.0.0"
  resolved "https://registry.yarnpkg.com/robust-subtract/-/robust-subtract-1.0.0.tgz#e0b164e1ed8ba4e3a5dda45a12038348dbed3e9a"
  integrity sha1-4LFk4e2LpOOl3aRaEgODSNvtPpo=

robust-sum@^1.0.0:
  version "1.0.0"
  resolved "https://registry.yarnpkg.com/robust-sum/-/robust-sum-1.0.0.tgz#16646e525292b4d25d82757a286955e0bbfa53d9"
  integrity sha1-FmRuUlKStNJdgnV6KGlV4Lv6U9k=

simplify-path@^1.1.0:
  version "1.1.0"
  resolved "https://registry.yarnpkg.com/simplify-path/-/simplify-path-1.1.0.tgz#791b39d25270b0afc035de757ba826e6f1766103"
  integrity sha1-eRs50lJwsK/ANd51e6gm5vF2YQM=

svg-mesh-3d@^1.1.0:
  version "1.1.0"
  resolved "https://registry.yarnpkg.com/svg-mesh-3d/-/svg-mesh-3d-1.1.0.tgz#59d1651812dcbbfc69fb6d762b933911382c14a5"
  integrity sha1-WdFlGBLcu/xp+212K5M5ETgsFKU=
  dependencies:
    bound-points "^1.0.0"
    cdt2d "^1.0.0"
    clean-pslg "^1.1.0"
    normalize-path-scale "^2.0.0"
    object-assign "^4.0.1"
    parse-svg-path "^0.1.1"
    random-float "^1.0.0"
    simplify-path "^1.1.0"
    svg-path-contours "^2.0.0"

svg-path-contours@^2.0.0:
  version "2.0.0"
  resolved "https://registry.yarnpkg.com/svg-path-contours/-/svg-path-contours-2.0.0.tgz#c76a129429db05eb6d7b61e4d1c58d114a8938a2"
  integrity sha1-x2oSlCnbBette2Hk0cWNEUqJOKI=
  dependencies:
    abs-svg-path "^0.1.1"
    adaptive-bezier-curve "^1.0.3"
    normalize-svg-path "^0.1.0"
    vec2-copy "^1.0.0"

two-product@^1.0.0, two-product@^1.0.2:
  version "1.0.2"
  resolved "https://registry.yarnpkg.com/two-product/-/two-product-1.0.2.tgz#67d95d4b257a921e2cb4bd7af9511f9088522eaa"
  integrity sha1-Z9ldSyV6kh4stL16+VEfkIhSLqo=

two-sum@^1.0.0:
  version "1.0.0"
  resolved "https://registry.yarnpkg.com/two-sum/-/two-sum-1.0.0.tgz#31d3f32239e4f731eca9df9155e2b297f008ab64"
  integrity sha1-MdPzIjnk9zHsqd+RVeKyl/AIq2Q=

typedarray-pool@^1.1.0:
  version "1.2.0"
  resolved "https://registry.yarnpkg.com/typedarray-pool/-/typedarray-pool-1.2.0.tgz#e7e90720144ba02b9ed660438af6f3aacfe33ac3"
  integrity sha512-YTSQbzX43yvtpfRtIDAYygoYtgT+Rpjuxy9iOpczrjpXLgGoyG7aS5USJXV2d3nn8uHTeb9rXDvzS27zUg5KYQ==
  dependencies:
    bit-twiddle "^1.0.0"
    dup "^1.0.0"

union-find@^1.0.2:
  version "1.0.2"
  resolved "https://registry.yarnpkg.com/union-find/-/union-find-1.0.2.tgz#292bac415e6ad3a89535d237010db4a536284e58"
  integrity sha1-KSusQV5q06iVNdI3AQ20pTYoTlg=

uniq@^1.0.1:
  version "1.0.1"
  resolved "https://registry.yarnpkg.com/uniq/-/uniq-1.0.1.tgz#b31c5ae8254844a3a8281541ce2b04b865a734ff"
  integrity sha1-sxxa6CVIRKOoKBVBzisEuGWnNP8=

unlerp@^1.0.1:
  version "1.0.1"
  resolved "https://registry.yarnpkg.com/unlerp/-/unlerp-1.0.1.tgz#e28351e3b0b77f56398027aef8b2e4f14bd376fa"
  integrity sha1-4oNR47C3f1Y5gCeu+LLk8UvTdvo=

vec2-copy@^1.0.0:
  version "1.0.0"
  resolved "https://registry.yarnpkg.com/vec2-copy/-/vec2-copy-1.0.0.tgz#c6eec1d8dad54625194e5f71f8433b62d2f20a7a"
  integrity sha1-xu7B2NrVRiUZTl9x+EM7YtLyCno=
